
Microsoft Visual Studio Solution File, Format Version 12.00
# Visual Studio Version 17
VisualStudioVersion = 17.0.31903.59
MinimumVisualStudioVersion = 10.0.40219.1
Project("{2150E333-8FDC-42A3-9474-1A3956D46DE8}") = "src", "src", "{827E0CD3-B72D-47B6-A68D-7590B98EB39B}"
EndProject
Project("{FAE04EC0-301F-11D3-BF4B-00C04F79EFBC}") = "EasyTestAufgabe.Web", "src\EasyTestAufgabe.Web\EasyTestAufgabe.Web.csproj", "{92009F76-4622-4331-BC18-6393FE5BAA76}"
EndProject
Project("{FAE04EC0-301F-11D3-BF4B-00C04F79EFBC}") = "EasyTestAufgabe.Domain", "src\EasyTestAufgabe.Domain\EasyTestAufgabe.Domain.csproj", "{E8DD5C79-19E5-4AB9-ABC5-DDE2D8E6BDBA}"
EndProject
Project("{FAE04EC0-301F-11D3-BF4B-00C04F79EFBC}") = "EasyTestAufgabe.Application", "src\EasyTestAufgabe.Application\EasyTestAufgabe.Application.csproj", "{1B7972BE-4404-479F-AB61-8C31FC3C0F8D}"
EndProject
Project("{FAE04EC0-301F-11D3-BF4B-00C04F79EFBC}") = "EasyTestAufgabe.Infrastructure", "src\EasyTestAufgabe.Infrastructure\EasyTestAufgabe.Infrastructure.csproj", "{D408BF2C-B091-4BC8-8967-B7815AC1DAFA}"
EndProject
Project("{2150E333-8FDC-42A3-9474-1A3956D46DE8}") = "tests", "tests", "{0AB3BF05-4346-4AA6-1389-037BE0695223}"
EndProject
Project("{FAE04EC0-301F-11D3-BF4B-00C04F79EFBC}") = "EasyTestAufgabe.Tests", "tests\EasyTestAufgabe.Tests\EasyTestAufgabe.Tests.csproj", "{13E5DB3F-FB1E-4A93-9008-41EBCC49ECA6}"
EndProject
Global
	GlobalSection(SolutionConfigurationPlatforms) = preSolution
		Debug|Any CPU = Debug|Any CPU
		Debug|x64 = Debug|x64
		Debug|x86 = Debug|x86
		Release|Any CPU = Release|Any CPU
		Release|x64 = Release|x64
		Release|x86 = Release|x86
	EndGlobalSection
	GlobalSection(ProjectConfigurationPlatforms) = postSolution
		{92009F76-4622-4331-BC18-6393FE5BAA76}.Debug|Any CPU.ActiveCfg = Debug|Any CPU
		{92009F76-4622-4331-BC18-6393FE5BAA76}.Debug|Any CPU.Build.0 = Debug|Any CPU
		{92009F76-4622-4331-BC18-6393FE5BAA76}.Debug|x64.ActiveCfg = Debug|Any CPU
		{92009F76-4622-4331-BC18-6393FE5BAA76}.Debug|x64.Build.0 = Debug|Any CPU
		{92009F76-4622-4331-BC18-6393FE5BAA76}.Debug|x86.ActiveCfg = Debug|Any CPU
		{92009F76-4622-4331-BC18-6393FE5BAA76}.Debug|x86.Build.0 = Debug|Any CPU
		{92009F76-4622-4331-BC18-6393FE5BAA76}.Release|Any CPU.ActiveCfg = Release|Any CPU
		{92009F76-4622-4331-BC18-6393FE5BAA76}.Release|Any CPU.Build.0 = Release|Any CPU
		{92009F76-4622-4331-BC18-6393FE5BAA76}.Release|x64.ActiveCfg = Release|Any CPU
		{92009F76-4622-4331-BC18-6393FE5BAA76}.Release|x64.Build.0 = Release|Any CPU
		{92009F76-4622-4331-BC18-6393FE5BAA76}.Release|x86.ActiveCfg = Release|Any CPU
		{92009F76-4622-4331-BC18-6393FE5BAA76}.Release|x86.Build.0 = Release|Any CPU
		{E8DD5C79-19E5-4AB9-ABC5-DDE2D8E6BDBA}.Debug|Any CPU.ActiveCfg = Debug|Any CPU
		{E8DD5C79-19E5-4AB9-ABC5-DDE2D8E6BDBA}.Debug|Any CPU.Build.0 = Debug|Any CPU
		{E8DD5C79-19E5-4AB9-ABC5-DDE2D8E6BDBA}.Debug|x64.ActiveCfg = Debug|Any CPU
		{E8DD5C79-19E5-4AB9-ABC5-DDE2D8E6BDBA}.Debug|x64.Build.0 = Debug|Any CPU
		{E8DD5C79-19E5-4AB9-ABC5-DDE2D8E6BDBA}.Debug|x86.ActiveCfg = Debug|Any CPU
		{E8DD5C79-19E5-4AB9-ABC5-DDE2D8E6BDBA}.Debug|x86.Build.0 = Debug|Any CPU
		{E8DD5C79-19E5-4AB9-ABC5-DDE2D8E6BDBA}.Release|Any CPU.ActiveCfg = Release|Any CPU
		{E8DD5C79-19E5-4AB9-ABC5-DDE2D8E6BDBA}.Release|Any CPU.Build.0 = Release|Any CPU
		{E8DD5C79-19E5-4AB9-ABC5-DDE2D8E6BDBA}.Release|x64.ActiveCfg = Release|Any CPU
		{E8DD5C79-19E5-4AB9-ABC5-DDE2D8E6BDBA}.Release|x64.Build.0 = Release|Any CPU
		{E8DD5C79-19E5-4AB9-ABC5-DDE2D8E6BDBA}.Release|x86.ActiveCfg = Release|Any CPU
		{E8DD5C79-19E5-4AB9-ABC5-DDE2D8E6BDBA}.Release|x86.Build.0 = Release|Any CPU
		{1B7972BE-4404-479F-AB61-8C31FC3C0F8D}.Debug|Any CPU.ActiveCfg = Debug|Any CPU
		{1B7972BE-4404-479F-AB61-8C31FC3C0F8D}.Debug|Any CPU.Build.0 = Debug|Any CPU
		{1B7972BE-4404-479F-AB61-8C31FC3C0F8D}.Debug|x64.ActiveCfg = Debug|Any CPU
		{1B7972BE-4404-479F-AB61-8C31FC3C0F8D}.Debug|x64.Build.0 = Debug|Any CPU
		{1B7972BE-4404-479F-AB61-8C31FC3C0F8D}.Debug|x86.ActiveCfg = Debug|Any CPU
		{1B7972BE-4404-479F-AB61-8C31FC3C0F8D}.Debug|x86.Build.0 = Debug|Any CPU
		{1B7972BE-4404-479F-AB61-8C31FC3C0F8D}.Release|Any CPU.ActiveCfg = Release|Any CPU
		{1B7972BE-4404-479F-AB61-8C31FC3C0F8D}.Release|Any CPU.Build.0 = Release|Any CPU
		{1B7972BE-4404-479F-AB61-8C31FC3C0F8D}.Release|x64.ActiveCfg = Release|Any CPU
		{1B7972BE-4404-479F-AB61-8C31FC3C0F8D}.Release|x64.Build.0 = Release|Any CPU
		{1B7972BE-4404-479F-AB61-8C31FC3C0F8D}.Release|x86.ActiveCfg = Release|Any CPU
		{1B7972BE-4404-479F-AB61-8C31FC3C0F8D}.Release|x86.Build.0 = Release|Any CPU
		{D408BF2C-B091-4BC8-8967-B7815AC1DAFA}.Debug|Any CPU.ActiveCfg = Debug|Any CPU
		{D408BF2C-B091-4BC8-8967-B7815AC1DAFA}.Debug|Any CPU.Build.0 = Debug|Any CPU
		{D408BF2C-B091-4BC8-8967-B7815AC1DAFA}.Debug|x64.ActiveCfg = Debug|Any CPU
		{D408BF2C-B091-4BC8-8967-B7815AC1DAFA}.Debug|x64.Build.0 = Debug|Any CPU
		{D408BF2C-B091-4BC8-8967-B7815AC1DAFA}.Debug|x86.ActiveCfg = Debug|Any CPU
		{D408BF2C-B091-4BC8-8967-B7815AC1DAFA}.Debug|x86.Build.0 = Debug|Any CPU
		{D408BF2C-B091-4BC8-8967-B7815AC1DAFA}.Release|Any CPU.ActiveCfg = Release|Any CPU
		{D408BF2C-B091-4BC8-8967-B7815AC1DAFA}.Release|Any CPU.Build.0 = Release|Any CPU
		{D408BF2C-B091-4BC8-8967-B7815AC1DAFA}.Release|x64.ActiveCfg = Release|Any CPU
		{D408BF2C-B091-4BC8-8967-B7815AC1DAFA}.Release|x64.Build.0 = Release|Any CPU
		{D408BF2C-B091-4BC8-8967-B7815AC1DAFA}.Release|x86.ActiveCfg = Release|Any CPU
		{D408BF2C-B091-4BC8-8967-B7815AC1DAFA}.Release|x86.Build.0 = Release|Any CPU
		{13E5DB3F-FB1E-4A93-9008-41EBCC49ECA6}.Debug|Any CPU.ActiveCfg = Debug|Any CPU
		{13E5DB3F-FB1E-4A93-9008-41EBCC49ECA6}.Debug|Any CPU.Build.0 = Debug|Any CPU
		{13E5DB3F-FB1E-4A93-9008-41EBCC49ECA6}.Debug|x64.ActiveCfg = Debug|Any CPU
		{13E5DB3F-FB1E-4A93-9008-41EBCC49ECA6}.Debug|x64.Build.0 = Debug|Any CPU
		{13E5DB3F-FB1E-4A93-9008-41EBCC49ECA6}.Debug|x86.ActiveCfg = Debug|Any CPU
		{13E5DB3F-FB1E-4A93-9008-41EBCC49ECA6}.Debug|x86.Build.0 = Debug|Any CPU
		{13E5DB3F-FB1E-4A93-9008-41EBCC49ECA6}.Release|Any CPU.ActiveCfg = Release|Any CPU
		{13E5DB3F-FB1E-4A93-9008-41EBCC49ECA6}.Release|Any CPU.Build.0 = Release|Any CPU
		{13E5DB3F-FB1E-4A93-9008-41EBCC49ECA6}.Release|x64.ActiveCfg = Release|Any CPU
		{13E5DB3F-FB1E-4A93-9008-41EBCC49ECA6}.Release|x64.Build.0 = Release|Any CPU
		{13E5DB3F-FB1E-4A93-9008-41EBCC49ECA6}.Release|x86.ActiveCfg = Release|Any CPU
		{13E5DB3F-FB1E-4A93-9008-41EBCC49ECA6}.Release|x86.Build.0 = Release|Any CPU
	EndGlobalSection
	GlobalSection(SolutionProperties) = preSolution
		HideSolutionNode = FALSE
	EndGlobalSection
	GlobalSection(NestedProjects) = preSolution
		{92009F76-4622-4331-BC18-6393FE5BAA76} = {827E0CD3-B72D-47B6-A68D-7590B98EB39B}
		{E8DD5C79-19E5-4AB9-ABC5-DDE2D8E6BDBA} = {827E0CD3-B72D-47B6-A68D-7590B98EB39B}
		{1B7972BE-4404-479F-AB61-8C31FC3C0F8D} = {827E0CD3-B72D-47B6-A68D-7590B98EB39B}
		{D408BF2C-B091-4BC8-8967-B7815AC1DAFA} = {827E0CD3-B72D-47B6-A68D-7590B98EB39B}
		{13E5DB3F-FB1E-4A93-9008-41EBCC49ECA6} = {0AB3BF05-4346-4AA6-1389-037BE0695223}
	EndGlobalSection
	GlobalSection(ExtensibilityGlobals) = postSolution
		SolutionGuid = {F40B5D59-644D-4C3D-A111-DD326F1B9A0E}
	EndGlobalSection
EndGlobal
